// !$*UTF8*$!
{
	archiveVersion = 1;
	classes = {
	};
	objectVersion = 46;
	objects = {

/* Begin PBXBuildFile section */
		6003F58E195388D20070C39A /* Foundation.framework in Frameworks */ = {isa = PBXBuildFile; fileRef = 6003F58D195388D20070C39A /* Foundation.framework */; };
		6003F590195388D20070C39A /* CoreGraphics.framework in Frameworks */ = {isa = PBXBuildFile; fileRef = 6003F58F195388D20070C39A /* CoreGraphics.framework */; };
		6003F592195388D20070C39A /* UIKit.framework in Frameworks */ = {isa = PBXBuildFile; fileRef = 6003F591195388D20070C39A /* UIKit.framework */; };
		6003F598195388D20070C39A /* InfoPlist.strings in Resources */ = {isa = PBXBuildFile; fileRef = 6003F596195388D20070C39A /* InfoPlist.strings */; };
		6003F59A195388D20070C39A /* main.m in Sources */ = {isa = PBXBuildFile; fileRef = 6003F599195388D20070C39A /* main.m */; };
		6003F59E195388D20070C39A /* LMMAppDelegate.m in Sources */ = {isa = PBXBuildFile; fileRef = 6003F59D195388D20070C39A /* LMMAppDelegate.m */; };
		6003F5A9195388D20070C39A /* Images.xcassets in Resources */ = {isa = PBXBuildFile; fileRef = 6003F5A8195388D20070C39A /* Images.xcassets */; };
		6003F5B0195388D20070C39A /* XCTest.framework in Frameworks */ = {isa = PBXBuildFile; fileRef = 6003F5AF195388D20070C39A /* XCTest.framework */; };
		6003F5B1195388D20070C39A /* Foundation.framework in Frameworks */ = {isa = PBXBuildFile; fileRef = 6003F58D195388D20070C39A /* Foundation.framework */; };
		6003F5B2195388D20070C39A /* UIKit.framework in Frameworks */ = {isa = PBXBuildFile; fileRef = 6003F591195388D20070C39A /* UIKit.framework */; };
		6003F5BA195388D20070C39A /* InfoPlist.strings in Resources */ = {isa = PBXBuildFile; fileRef = 6003F5B8195388D20070C39A /* InfoPlist.strings */; };
		6003F5BC195388D20070C39A /* Tests.m in Sources */ = {isa = PBXBuildFile; fileRef = 6003F5BB195388D20070C39A /* Tests.m */; };
		8F82CCF32224D54E004A8D36 /* LMMCourseApi.m in Sources */ = {isa = PBXBuildFile; fileRef = 8F82CCEF2224D54E004A8D36 /* LMMCourseApi.m */; };
		8F82CCF42224D54E004A8D36 /* LMMViewController.m in Sources */ = {isa = PBXBuildFile; fileRef = 8F82CCF02224D54E004A8D36 /* LMMViewController.m */; };
		8F82CCF52224D54E004A8D36 /* LMMCourseCell.m in Sources */ = {isa = PBXBuildFile; fileRef = 8F82CCF12224D54E004A8D36 /* LMMCourseCell.m */; };
		8F82CCF62224D54E004A8D36 /* LMMCourseModel.m in Sources */ = {isa = PBXBuildFile; fileRef = 8F82CCF22224D54E004A8D36 /* LMMCourseModel.m */; };
		8F82CCFA2224D55D004A8D36 /* LMMStandardApi.m in Sources */ = {isa = PBXBuildFile; fileRef = 8F82CCF82224D55D004A8D36 /* LMMStandardApi.m */; };
		8FC6C60522B74E6700630307 /* json.json in Resources */ = {isa = PBXBuildFile; fileRef = 8FC6C60422B74E6700630307 /* json.json */; };
		8FC6C60722B75FFD00630307 /* 小车-科目一.json in Resources */ = {isa = PBXBuildFile; fileRef = 8FC6C60622B75FFD00630307 /* 小车-科目一.json */; };
		8FC6C62822B78F5900630307 /* json1.json in Resources */ = {isa = PBXBuildFile; fileRef = 8FC6C62722B78F5800630307 /* json1.json */; };
		8FC6C62A22B7916A00630307 /* newJson.json in Resources */ = {isa = PBXBuildFile; fileRef = 8FC6C62922B7916A00630307 /* newJson.json */; };
		8FEF197322BA119F0062EA04 /* 25_专项-意外事故处理(113题).json in Resources */ = {isa = PBXBuildFile; fileRef = 8FEF195822BA119E0062EA04 /* 25_专项-意外事故处理(113题).json */; };
		8FEF197422BA119F0062EA04 /* 13_专项-灯光使用(71题).json in Resources */ = {isa = PBXBuildFile; fileRef = 8FEF195922BA119E0062EA04 /* 13_专项-灯光使用(71题).json */; };
		8FEF197522BA119F0062EA04 /* 2_章节-安全行车常识（384题）.json in Resources */ = {isa = PBXBuildFile; fileRef = 8FEF195A22BA119E0062EA04 /* 2_章节-安全行车常识（384题）.json */; };
		8FEF197622BA119F0062EA04 /* 18_专项-基础驾驶技巧(69题).json in Resources */ = {isa = PBXBuildFile; fileRef = 8FEF195B22BA119E0062EA04 /* 18_专项-基础驾驶技巧(69题).json */; };
		8FEF197722BA119F0062EA04 /* 7_章节-交通事故救护及常见危化品处置常识（43题）.json in Resources */ = {isa = PBXBuildFile; fileRef = 8FEF195C22BA119E0062EA04 /* 7_章节-交通事故救护及常见危化品处置常识（43题）.json */; };
		8FEF197822BA119F0062EA04 /* 23_专项-仪表、指示灯(2题).json in Resources */ = {isa = PBXBuildFile; fileRef = 8FEF195D22BA119E0062EA04 /* 23_专项-仪表、指示灯(2题).json */; };
		8FEF197922BA119F0062EA04 /* 9_专项-道路信号灯(10题).json in Resources */ = {isa = PBXBuildFile; fileRef = 8FEF195E22BA119E0062EA04 /* 9_专项-道路信号灯(10题).json */; };
		8FEF197A22BA119F0062EA04 /* 17_专项-交警手势(17题).json in Resources */ = {isa = PBXBuildFile; fileRef = 8FEF195F22BA119E0062EA04 /* 17_专项-交警手势(17题).json */; };
		8FEF197B22BA119F0062EA04 /* 6_章节-紧急情况下避险常识（108题）.json in Resources */ = {isa = PBXBuildFile; fileRef = 8FEF196022BA119E0062EA04 /* 6_章节-紧急情况下避险常识（108题）.json */; };
		8FEF197C22BA119F0062EA04 /* 12_专项-特殊路段(129题).json in Resources */ = {isa = PBXBuildFile; fileRef = 8FEF196122BA119E0062EA04 /* 12_专项-特殊路段(129题).json */; };
		8FEF197D22BA119F0062EA04 /* 5_章节-恶劣气候和复杂道路条件下驾驶常识（239题）.json in Resources */ = {isa = PBXBuildFile; fileRef = 8FEF196222BA119E0062EA04 /* 5_章节-恶劣气候和复杂道路条件下驾驶常识（239题）.json */; };
		8FEF197E22BA119F0062EA04 /* 11_专项-普通路段(62题).json in Resources */ = {isa = PBXBuildFile; fileRef = 8FEF196322BA119E0062EA04 /* 11_专项-普通路段(62题).json */; };
		8FEF197F22BA119F0062EA04 /* 10_专项-高速(65题).json in Resources */ = {isa = PBXBuildFile; fileRef = 8FEF196422BA119E0062EA04 /* 10_专项-高速(65题).json */; };
		8FEF198022BA119F0062EA04 /* 8_专项-标线(60题).json in Resources */ = {isa = PBXBuildFile; fileRef = 8FEF196522BA119E0062EA04 /* 8_专项-标线(60题).json */; };
		8FEF198122BA119F0062EA04 /* 26_专项-责任判定(2题).json in Resources */ = {isa = PBXBuildFile; fileRef = 8FEF196622BA119E0062EA04 /* 26_专项-责任判定(2题).json */; };
		8FEF198222BA119F0062EA04 /* 16_专项-道路通行原则(63题).json in Resources */ = {isa = PBXBuildFile; fileRef = 8FEF196722BA119E0062EA04 /* 16_专项-道路通行原则(63题).json */; };
		8FEF198322BA119F0062EA04 /* 3_章节-常见交通标志、标线和交通手势辨识（218题）.json in Resources */ = {isa = PBXBuildFile; fileRef = 8FEF196822BA119E0062EA04 /* 3_章节-常见交通标志、标线和交通手势辨识（218题）.json */; };
		8FEF198422BA119F0062EA04 /* 22_专项-文明驾驶(169题).json in Resources */ = {isa = PBXBuildFile; fileRef = 8FEF196922BA119E0062EA04 /* 22_专项-文明驾驶(169题).json */; };
		8FEF198522BA119F0062EA04 /* 1_章节-违法行为综合判断与案例分析（41题）.json in Resources */ = {isa = PBXBuildFile; fileRef = 8FEF196A22BA119E0062EA04 /* 1_章节-违法行为综合判断与案例分析（41题）.json */; };
		8FEF198622BA119F0062EA04 /* 4_章节-驾驶职业道德和文明驾驶常识（199题）.json in Resources */ = {isa = PBXBuildFile; fileRef = 8FEF196B22BA119E0062EA04 /* 4_章节-驾驶职业道德和文明驾驶常识（199题）.json */; };
		8FEF198722BA119F0062EA04 /* 14_专项-安全常识(31题).json in Resources */ = {isa = PBXBuildFile; fileRef = 8FEF196C22BA119E0062EA04 /* 14_专项-安全常识(31题).json */; };
		8FEF198822BA119F0062EA04 /* 15_专项-标志(145题).json in Resources */ = {isa = PBXBuildFile; fileRef = 8FEF196D22BA119E0062EA04 /* 15_专项-标志(145题).json */; };
		8FEF198922BA119F0062EA04 /* 0_顺序全部.json in Resources */ = {isa = PBXBuildFile; fileRef = 8FEF196E22BA119E0062EA04 /* 0_顺序全部.json */; };
		8FEF198A22BA119F0062EA04 /* 24_专项-易混标志(33题).json in Resources */ = {isa = PBXBuildFile; fileRef = 8FEF196F22BA119E0062EA04 /* 24_专项-易混标志(33题).json */; };
		8FEF198B22BA119F0062EA04 /* 21_专项-特殊天气(90题).json in Resources */ = {isa = PBXBuildFile; fileRef = 8FEF197022BA119E0062EA04 /* 21_专项-特殊天气(90题).json */; };
		8FEF198C22BA119F0062EA04 /* 20_专项-特殊品运输(9题).json in Resources */ = {isa = PBXBuildFile; fileRef = 8FEF197122BA119E0062EA04 /* 20_专项-特殊品运输(9题).json */; };
		8FEF198D22BA119F0062EA04 /* 19_专项-速度(9题).json in Resources */ = {isa = PBXBuildFile; fileRef = 8FEF197222BA119E0062EA04 /* 19_专项-速度(9题).json */; };
		8FEF199022BB31020062EA04 /* CYPBaseWebView.m in Sources */ = {isa = PBXBuildFile; fileRef = 8FEF198E22BB31020062EA04 /* CYPBaseWebView.m */; };
		A0A51E97DC0F2B74E09A7326 /* Pods_LMMCoreFoundation_Tests.framework in Frameworks */ = {isa = PBXBuildFile; fileRef = 9300207CE7B3B481D072B7DB /* Pods_LMMCoreFoundation_Tests.framework */; };
		FD27442B968C3163060F6AFA /* Pods_LMMCoreFoundation_Example.framework in Frameworks */ = {isa = PBXBuildFile; fileRef = 8BE038AE714A8CEBCC4CCD60 /* Pods_LMMCoreFoundation_Example.framework */; };
/* End PBXBuildFile section */

/* Begin PBXContainerItemProxy section */
		6003F5B3195388D20070C39A /* PBXContainerItemProxy */ = {
			isa = PBXContainerItemProxy;
			containerPortal = 6003F582195388D10070C39A /* Project object */;
			proxyType = 1;
			remoteGlobalIDString = 6003F589195388D20070C39A;
			remoteInfo = LMMCoreFoundation;
		};
/* End PBXContainerItemProxy section */

/* Begin PBXFileReference section */
		20BF5340B93A105D3A6AD7D3 /* LICENSE */ = {isa = PBXFileReference; includeInIndex = 1; lastKnownFileType = text; name = LICENSE; path = ../LICENSE; sourceTree = "<group>"; };
		6003F58A195388D20070C39A /* LMMCoreFoundation_Example.app */ = {isa = PBXFileReference; explicitFileType = wrapper.application; includeInIndex = 0; path = LMMCoreFoundation_Example.app; sourceTree = BUILT_PRODUCTS_DIR; };
		6003F58D195388D20070C39A /* Foundation.framework */ = {isa = PBXFileReference; lastKnownFileType = wrapper.framework; name = Foundation.framework; path = System/Library/Frameworks/Foundation.framework; sourceTree = SDKROOT; };
		6003F58F195388D20070C39A /* CoreGraphics.framework */ = {isa = PBXFileReference; lastKnownFileType = wrapper.framework; name = CoreGraphics.framework; path = System/Library/Frameworks/CoreGraphics.framework; sourceTree = SDKROOT; };
		6003F591195388D20070C39A /* UIKit.framework */ = {isa = PBXFileReference; lastKnownFileType = wrapper.framework; name = UIKit.framework; path = System/Library/Frameworks/UIKit.framework; sourceTree = SDKROOT; };
		6003F595195388D20070C39A /* LMMCoreFoundation-Info.plist */ = {isa = PBXFileReference; lastKnownFileType = text.plist.xml; path = "LMMCoreFoundation-Info.plist"; sourceTree = "<group>"; };
		6003F597195388D20070C39A /* en */ = {isa = PBXFileReference; lastKnownFileType = text.plist.strings; name = en; path = en.lproj/InfoPlist.strings; sourceTree = "<group>"; };
		6003F599195388D20070C39A /* main.m */ = {isa = PBXFileReference; lastKnownFileType = sourcecode.c.objc; path = main.m; sourceTree = "<group>"; };
		6003F59B195388D20070C39A /* LMMCoreFoundation-Prefix.pch */ = {isa = PBXFileReference; lastKnownFileType = sourcecode.c.h; path = "LMMCoreFoundation-Prefix.pch"; sourceTree = "<group>"; };
		6003F59C195388D20070C39A /* LMMAppDelegate.h */ = {isa = PBXFileReference; lastKnownFileType = sourcecode.c.h; path = LMMAppDelegate.h; sourceTree = "<group>"; };
		6003F59D195388D20070C39A /* LMMAppDelegate.m */ = {isa = PBXFileReference; lastKnownFileType = sourcecode.c.objc; path = LMMAppDelegate.m; sourceTree = "<group>"; };
		6003F5A8195388D20070C39A /* Images.xcassets */ = {isa = PBXFileReference; lastKnownFileType = folder.assetcatalog; path = Images.xcassets; sourceTree = "<group>"; };
		6003F5AE195388D20070C39A /* LMMCoreFoundation_Tests.xctest */ = {isa = PBXFileReference; explicitFileType = wrapper.cfbundle; includeInIndex = 0; path = LMMCoreFoundation_Tests.xctest; sourceTree = BUILT_PRODUCTS_DIR; };
		6003F5AF195388D20070C39A /* XCTest.framework */ = {isa = PBXFileReference; lastKnownFileType = wrapper.framework; name = XCTest.framework; path = Library/Frameworks/XCTest.framework; sourceTree = DEVELOPER_DIR; };
		6003F5B7195388D20070C39A /* Tests-Info.plist */ = {isa = PBXFileReference; lastKnownFileType = text.plist.xml; path = "Tests-Info.plist"; sourceTree = "<group>"; };
		6003F5B9195388D20070C39A /* en */ = {isa = PBXFileReference; lastKnownFileType = text.plist.strings; name = en; path = en.lproj/InfoPlist.strings; sourceTree = "<group>"; };
		6003F5BB195388D20070C39A /* Tests.m */ = {isa = PBXFileReference; lastKnownFileType = sourcecode.c.objc; path = Tests.m; sourceTree = "<group>"; };
		606FC2411953D9B200FFA9A0 /* Tests-Prefix.pch */ = {isa = PBXFileReference; lastKnownFileType = sourcecode.c.h; path = "Tests-Prefix.pch"; sourceTree = "<group>"; };
		76B32CE2D4FE857CD56C5EE7 /* README.md */ = {isa = PBXFileReference; includeInIndex = 1; lastKnownFileType = net.daringfireball.markdown; name = README.md; path = ../README.md; sourceTree = "<group>"; };
		7DDC8A38308FF64F7D0C0F88 /* LMMCoreFoundation.podspec */ = {isa = PBXFileReference; includeInIndex = 1; lastKnownFileType = text; name = LMMCoreFoundation.podspec; path = ../LMMCoreFoundation.podspec; sourceTree = "<group>"; xcLanguageSpecificationIdentifier = xcode.lang.ruby; };
		8BE038AE714A8CEBCC4CCD60 /* Pods_LMMCoreFoundation_Example.framework */ = {isa = PBXFileReference; explicitFileType = wrapper.framework; includeInIndex = 0; path = Pods_LMMCoreFoundation_Example.framework; sourceTree = BUILT_PRODUCTS_DIR; };
		8F82CCEB2224D54E004A8D36 /* LMMCourseApi.h */ = {isa = PBXFileReference; fileEncoding = 4; lastKnownFileType = sourcecode.c.h; path = LMMCourseApi.h; sourceTree = "<group>"; };
		8F82CCEC2224D54E004A8D36 /* LMMViewController.h */ = {isa = PBXFileReference; fileEncoding = 4; lastKnownFileType = sourcecode.c.h; path = LMMViewController.h; sourceTree = "<group>"; };
		8F82CCED2224D54E004A8D36 /* LMMCourseCell.h */ = {isa = PBXFileReference; fileEncoding = 4; lastKnownFileType = sourcecode.c.h; path = LMMCourseCell.h; sourceTree = "<group>"; };
		8F82CCEE2224D54E004A8D36 /* LMMCourseModel.h */ = {isa = PBXFileReference; fileEncoding = 4; lastKnownFileType = sourcecode.c.h; path = LMMCourseModel.h; sourceTree = "<group>"; };
		8F82CCEF2224D54E004A8D36 /* LMMCourseApi.m */ = {isa = PBXFileReference; fileEncoding = 4; lastKnownFileType = sourcecode.c.objc; path = LMMCourseApi.m; sourceTree = "<group>"; };
		8F82CCF02224D54E004A8D36 /* LMMViewController.m */ = {isa = PBXFileReference; fileEncoding = 4; lastKnownFileType = sourcecode.c.objc; path = LMMViewController.m; sourceTree = "<group>"; };
		8F82CCF12224D54E004A8D36 /* LMMCourseCell.m */ = {isa = PBXFileReference; fileEncoding = 4; lastKnownFileType = sourcecode.c.objc; path = LMMCourseCell.m; sourceTree = "<group>"; };
		8F82CCF22224D54E004A8D36 /* LMMCourseModel.m */ = {isa = PBXFileReference; fileEncoding = 4; lastKnownFileType = sourcecode.c.objc; path = LMMCourseModel.m; sourceTree = "<group>"; };
		8F82CCF82224D55D004A8D36 /* LMMStandardApi.m */ = {isa = PBXFileReference; fileEncoding = 4; lastKnownFileType = sourcecode.c.objc; path = LMMStandardApi.m; sourceTree = "<group>"; };
		8F82CCF92224D55D004A8D36 /* LMMStandardApi.h */ = {isa = PBXFileReference; fileEncoding = 4; lastKnownFileType = sourcecode.c.h; path = LMMStandardApi.h; sourceTree = "<group>"; };
		8FC6C60422B74E6700630307 /* json.json */ = {isa = PBXFileReference; fileEncoding = 4; lastKnownFileType = text.json; path = json.json; sourceTree = "<group>"; };
		8FC6C60622B75FFD00630307 /* 小车-科目一.json */ = {isa = PBXFileReference; lastKnownFileType = text.json; path = "小车-科目一.json"; sourceTree = "<group>"; };
		8FC6C62722B78F5800630307 /* json1.json */ = {isa = PBXFileReference; fileEncoding = 4; lastKnownFileType = text.json; path = json1.json; sourceTree = "<group>"; };
		8FC6C62922B7916A00630307 /* newJson.json */ = {isa = PBXFileReference; lastKnownFileType = text.json; path = newJson.json; sourceTree = "<group>"; };
		8FEF195822BA119E0062EA04 /* 25_专项-意外事故处理(113题).json */ = {isa = PBXFileReference; fileEncoding = 4; lastKnownFileType = text.json; path = "25_专项-意外事故处理(113题).json"; sourceTree = "<group>"; };
		8FEF195922BA119E0062EA04 /* 13_专项-灯光使用(71题).json */ = {isa = PBXFileReference; fileEncoding = 4; lastKnownFileType = text.json; path = "13_专项-灯光使用(71题).json"; sourceTree = "<group>"; };
		8FEF195A22BA119E0062EA04 /* 2_章节-安全行车常识（384题）.json */ = {isa = PBXFileReference; fileEncoding = 4; lastKnownFileType = text.json; path = "2_章节-安全行车常识（384题）.json"; sourceTree = "<group>"; };
		8FEF195B22BA119E0062EA04 /* 18_专项-基础驾驶技巧(69题).json */ = {isa = PBXFileReference; fileEncoding = 4; lastKnownFileType = text.json; path = "18_专项-基础驾驶技巧(69题).json"; sourceTree = "<group>"; };
		8FEF195C22BA119E0062EA04 /* 7_章节-交通事故救护及常见危化品处置常识（43题）.json */ = {isa = PBXFileReference; fileEncoding = 4; lastKnownFileType = text.json; path = "7_章节-交通事故救护及常见危化品处置常识（43题）.json"; sourceTree = "<group>"; };
		8FEF195D22BA119E0062EA04 /* 23_专项-仪表、指示灯(2题).json */ = {isa = PBXFileReference; fileEncoding = 4; lastKnownFileType = text.json; path = "23_专项-仪表、指示灯(2题).json"; sourceTree = "<group>"; };
		8FEF195E22BA119E0062EA04 /* 9_专项-道路信号灯(10题).json */ = {isa = PBXFileReference; fileEncoding = 4; lastKnownFileType = text.json; path = "9_专项-道路信号灯(10题).json"; sourceTree = "<group>"; };
		8FEF195F22BA119E0062EA04 /* 17_专项-交警手势(17题).json */ = {isa = PBXFileReference; fileEncoding = 4; lastKnownFileType = text.json; path = "17_专项-交警手势(17题).json"; sourceTree = "<group>"; };
		8FEF196022BA119E0062EA04 /* 6_章节-紧急情况下避险常识（108题）.json */ = {isa = PBXFileReference; fileEncoding = 4; lastKnownFileType = text.json; path = "6_章节-紧急情况下避险常识（108题）.json"; sourceTree = "<group>"; };
		8FEF196122BA119E0062EA04 /* 12_专项-特殊路段(129题).json */ = {isa = PBXFileReference; fileEncoding = 4; lastKnownFileType = text.json; path = "12_专项-特殊路段(129题).json"; sourceTree = "<group>"; };
		8FEF196222BA119E0062EA04 /* 5_章节-恶劣气候和复杂道路条件下驾驶常识（239题）.json */ = {isa = PBXFileReference; fileEncoding = 4; lastKnownFileType = text.json; path = "5_章节-恶劣气候和复杂道路条件下驾驶常识（239题）.json"; sourceTree = "<group>"; };
		8FEF196322BA119E0062EA04 /* 11_专项-普通路段(62题).json */ = {isa = PBXFileReference; fileEncoding = 4; lastKnownFileType = text.json; path = "11_专项-普通路段(62题).json"; sourceTree = "<group>"; };
		8FEF196422BA119E0062EA04 /* 10_专项-高速(65题).json */ = {isa = PBXFileReference; fileEncoding = 4; lastKnownFileType = text.json; path = "10_专项-高速(65题).json"; sourceTree = "<group>"; };
		8FEF196522BA119E0062EA04 /* 8_专项-标线(60题).json */ = {isa = PBXFileReference; fileEncoding = 4; lastKnownFileType = text.json; path = "8_专项-标线(60题).json"; sourceTree = "<group>"; };
		8FEF196622BA119E0062EA04 /* 26_专项-责任判定(2题).json */ = {isa = PBXFileReference; fileEncoding = 4; lastKnownFileType = text.json; path = "26_专项-责任判定(2题).json"; sourceTree = "<group>"; };
		8FEF196722BA119E0062EA04 /* 16_专项-道路通行原则(63题).json */ = {isa = PBXFileReference; fileEncoding = 4; lastKnownFileType = text.json; path = "16_专项-道路通行原则(63题).json"; sourceTree = "<group>"; };
		8FEF196822BA119E0062EA04 /* 3_章节-常见交通标志、标线和交通手势辨识（218题）.json */ = {isa = PBXFileReference; fileEncoding = 4; lastKnownFileType = text.json; path = "3_章节-常见交通标志、标线和交通手势辨识（218题）.json"; sourceTree = "<group>"; };
		8FEF196922BA119E0062EA04 /* 22_专项-文明驾驶(169题).json */ = {isa = PBXFileReference; fileEncoding = 4; lastKnownFileType = text.json; path = "22_专项-文明驾驶(169题).json"; sourceTree = "<group>"; };
		8FEF196A22BA119E0062EA04 /* 1_章节-违法行为综合判断与案例分析（41题）.json */ = {isa = PBXFileReference; fileEncoding = 4; lastKnownFileType = text.json; path = "1_章节-违法行为综合判断与案例分析（41题）.json"; sourceTree = "<group>"; };
		8FEF196B22BA119E0062EA04 /* 4_章节-驾驶职业道德和文明驾驶常识（199题）.json */ = {isa = PBXFileReference; fileEncoding = 4; lastKnownFileType = text.json; path = "4_章节-驾驶职业道德和文明驾驶常识（199题）.json"; sourceTree = "<group>"; };
		8FEF196C22BA119E0062EA04 /* 14_专项-安全常识(31题).json */ = {isa = PBXFileReference; fileEncoding = 4; lastKnownFileType = text.json; path = "14_专项-安全常识(31题).json"; sourceTree = "<group>"; };
		8FEF196D22BA119E0062EA04 /* 15_专项-标志(145题).json */ = {isa = PBXFileReference; fileEncoding = 4; lastKnownFileType = text.json; path = "15_专项-标志(145题).json"; sourceTree = "<group>"; };
		8FEF196E22BA119E0062EA04 /* 0_顺序全部.json */ = {isa = PBXFileReference; fileEncoding = 4; lastKnownFileType = text.json; path = "0_顺序全部.json"; sourceTree = "<group>"; };
		8FEF196F22BA119E0062EA04 /* 24_专项-易混标志(33题).json */ = {isa = PBXFileReference; fileEncoding = 4; lastKnownFileType = text.json; path = "24_专项-易混标志(33题).json"; sourceTree = "<group>"; };
		8FEF197022BA119E0062EA04 /* 21_专项-特殊天气(90题).json */ = {isa = PBXFileReference; fileEncoding = 4; lastKnownFileType = text.json; path = "21_专项-特殊天气(90题).json"; sourceTree = "<group>"; };
		8FEF197122BA119E0062EA04 /* 20_专项-特殊品运输(9题).json */ = {isa = PBXFileReference; fileEncoding = 4; lastKnownFileType = text.json; path = "20_专项-特殊品运输(9题).json"; sourceTree = "<group>"; };
		8FEF197222BA119E0062EA04 /* 19_专项-速度(9题).json */ = {isa = PBXFileReference; fileEncoding = 4; lastKnownFileType = text.json; path = "19_专项-速度(9题).json"; sourceTree = "<group>"; };
		8FEF198E22BB31020062EA04 /* CYPBaseWebView.m */ = {isa = PBXFileReference; fileEncoding = 4; lastKnownFileType = sourcecode.c.objc; path = CYPBaseWebView.m; sourceTree = "<group>"; };
		8FEF198F22BB31020062EA04 /* CYPBaseWebView.h */ = {isa = PBXFileReference; fileEncoding = 4; lastKnownFileType = sourcecode.c.h; path = CYPBaseWebView.h; sourceTree = "<group>"; };
		9300207CE7B3B481D072B7DB /* Pods_LMMCoreFoundation_Tests.framework */ = {isa = PBXFileReference; explicitFileType = wrapper.framework; includeInIndex = 0; path = Pods_LMMCoreFoundation_Tests.framework; sourceTree = BUILT_PRODUCTS_DIR; };
		B75594FF4376817E6A3A2BD3 /* Pods-LMMCoreFoundation_Example.release.xcconfig */ = {isa = PBXFileReference; includeInIndex = 1; lastKnownFileType = text.xcconfig; name = "Pods-LMMCoreFoundation_Example.release.xcconfig"; path = "Pods/Target Support Files/Pods-LMMCoreFoundation_Example/Pods-LMMCoreFoundation_Example.release.xcconfig"; sourceTree = "<group>"; };
		C117FB8A7FD33263E85FA240 /* Pods-LMMCoreFoundation_Example.debug.xcconfig */ = {isa = PBXFileReference; includeInIndex = 1; lastKnownFileType = text.xcconfig; name = "Pods-LMMCoreFoundation_Example.debug.xcconfig"; path = "Pods/Target Support Files/Pods-LMMCoreFoundation_Example/Pods-LMMCoreFoundation_Example.debug.xcconfig"; sourceTree = "<group>"; };
		D655A4A66D16AE477E7BD4A0 /* Pods-LMMCoreFoundation_Tests.release.xcconfig */ = {isa = PBXFileReference; includeInIndex = 1; lastKnownFileType = text.xcconfig; name = "Pods-LMMCoreFoundation_Tests.release.xcconfig"; path = "Pods/Target Support Files/Pods-LMMCoreFoundation_Tests/Pods-LMMCoreFoundation_Tests.release.xcconfig"; sourceTree = "<group>"; };
		EA16180C8E73DCD407A4817F /* Pods-LMMCoreFoundation_Tests.debug.xcconfig */ = {isa = PBXFileReference; includeInIndex = 1; lastKnownFileType = text.xcconfig; name = "Pods-LMMCoreFoundation_Tests.debug.xcconfig"; path = "Pods/Target Support Files/Pods-LMMCoreFoundation_Tests/Pods-LMMCoreFoundation_Tests.debug.xcconfig"; sourceTree = "<group>"; };
/* End PBXFileReference section */

/* Begin PBXFrameworksBuildPhase section */
		6003F587195388D20070C39A /* Frameworks */ = {
			isa = PBXFrameworksBuildPhase;
			buildActionMask = 2147483647;
			files = (
				6003F590195388D20070C39A /* CoreGraphics.framework in Frameworks */,
				6003F592195388D20070C39A /* UIKit.framework in Frameworks */,
				6003F58E195388D20070C39A /* Foundation.framework in Frameworks */,
				FD27442B968C3163060F6AFA /* Pods_LMMCoreFoundation_Example.framework in Frameworks */,
			);
			runOnlyForDeploymentPostprocessing = 0;
		};
		6003F5AB195388D20070C39A /* Frameworks */ = {
			isa = PBXFrameworksBuildPhase;
			buildActionMask = 2147483647;
			files = (
				6003F5B0195388D20070C39A /* XCTest.framework in Frameworks */,
				6003F5B2195388D20070C39A /* UIKit.framework in Frameworks */,
				6003F5B1195388D20070C39A /* Foundation.framework in Frameworks */,
				A0A51E97DC0F2B74E09A7326 /* Pods_LMMCoreFoundation_Tests.framework in Frameworks */,
			);
			runOnlyForDeploymentPostprocessing = 0;
		};
/* End PBXFrameworksBuildPhase section */

/* Begin PBXGroup section */
		6003F581195388D10070C39A = {
			isa = PBXGroup;
			children = (
				60FF7A9C1954A5C5007DD14C /* Podspec Metadata */,
				6003F593195388D20070C39A /* Example for LMMCoreFoundation */,
				6003F5B5195388D20070C39A /* Tests */,
				6003F58C195388D20070C39A /* Frameworks */,
				6003F58B195388D20070C39A /* Products */,
				8FAD20EE4C4AC6D35C674AC1 /* Pods */,
			);
			sourceTree = "<group>";
		};
		6003F58B195388D20070C39A /* Products */ = {
			isa = PBXGroup;
			children = (
				6003F58A195388D20070C39A /* LMMCoreFoundation_Example.app */,
				6003F5AE195388D20070C39A /* LMMCoreFoundation_Tests.xctest */,
			);
			name = Products;
			sourceTree = "<group>";
		};
		6003F58C195388D20070C39A /* Frameworks */ = {
			isa = PBXGroup;
			children = (
				6003F58D195388D20070C39A /* Foundation.framework */,
				6003F58F195388D20070C39A /* CoreGraphics.framework */,
				6003F591195388D20070C39A /* UIKit.framework */,
				6003F5AF195388D20070C39A /* XCTest.framework */,
				8BE038AE714A8CEBCC4CCD60 /* Pods_LMMCoreFoundation_Example.framework */,
				9300207CE7B3B481D072B7DB /* Pods_LMMCoreFoundation_Tests.framework */,
			);
			name = Frameworks;
			sourceTree = "<group>";
		};
		6003F593195388D20070C39A /* Example for LMMCoreFoundation */ = {
			isa = PBXGroup;
			children = (
				8F82CCF72224D55D004A8D36 /* Configuration */,
				8F82CCE92224D54E004A8D36 /* Business */,
				6003F59C195388D20070C39A /* LMMAppDelegate.h */,
				6003F59D195388D20070C39A /* LMMAppDelegate.m */,
				6003F5A8195388D20070C39A /* Images.xcassets */,
				6003F594195388D20070C39A /* Supporting Files */,
			);
			name = "Example for LMMCoreFoundation";
			path = LMMCoreFoundation;
			sourceTree = "<group>";
		};
		6003F594195388D20070C39A /* Supporting Files */ = {
			isa = PBXGroup;
			children = (
				6003F595195388D20070C39A /* LMMCoreFoundation-Info.plist */,
				6003F596195388D20070C39A /* InfoPlist.strings */,
				6003F599195388D20070C39A /* main.m */,
				6003F59B195388D20070C39A /* LMMCoreFoundation-Prefix.pch */,
			);
			name = "Supporting Files";
			sourceTree = "<group>";
		};
		6003F5B5195388D20070C39A /* Tests */ = {
			isa = PBXGroup;
			children = (
				6003F5BB195388D20070C39A /* Tests.m */,
				6003F5B6195388D20070C39A /* Supporting Files */,
			);
			path = Tests;
			sourceTree = "<group>";
		};
		6003F5B6195388D20070C39A /* Supporting Files */ = {
			isa = PBXGroup;
			children = (
				6003F5B7195388D20070C39A /* Tests-Info.plist */,
				6003F5B8195388D20070C39A /* InfoPlist.strings */,
				606FC2411953D9B200FFA9A0 /* Tests-Prefix.pch */,
			);
			name = "Supporting Files";
			sourceTree = "<group>";
		};
		60FF7A9C1954A5C5007DD14C /* Podspec Metadata */ = {
			isa = PBXGroup;
			children = (
				7DDC8A38308FF64F7D0C0F88 /* LMMCoreFoundation.podspec */,
				76B32CE2D4FE857CD56C5EE7 /* README.md */,
				20BF5340B93A105D3A6AD7D3 /* LICENSE */,
			);
			name = "Podspec Metadata";
			sourceTree = "<group>";
		};
		8F82CCE92224D54E004A8D36 /* Business */ = {
			isa = PBXGroup;
			children = (
				8FEF195722BA119E0062EA04 /* 小车-四 */,
				8FC6C62722B78F5800630307 /* json1.json */,
				8FC6C60422B74E6700630307 /* json.json */,
				8F82CCEA2224D54E004A8D36 /* 课程 */,
				8FC6C60622B75FFD00630307 /* 小车-科目一.json */,
				8FC6C62922B7916A00630307 /* newJson.json */,
			);
			path = Business;
			sourceTree = "<group>";
		};
		8F82CCEA2224D54E004A8D36 /* 课程 */ = {
			isa = PBXGroup;
			children = (
				8FEF198F22BB31020062EA04 /* CYPBaseWebView.h */,
				8FEF198E22BB31020062EA04 /* CYPBaseWebView.m */,
				8F82CCEB2224D54E004A8D36 /* LMMCourseApi.h */,
				8F82CCEF2224D54E004A8D36 /* LMMCourseApi.m */,
				8F82CCED2224D54E004A8D36 /* LMMCourseCell.h */,
				8F82CCF12224D54E004A8D36 /* LMMCourseCell.m */,
				8F82CCEE2224D54E004A8D36 /* LMMCourseModel.h */,
				8F82CCF22224D54E004A8D36 /* LMMCourseModel.m */,
				8F82CCEC2224D54E004A8D36 /* LMMViewController.h */,
				8F82CCF02224D54E004A8D36 /* LMMViewController.m */,
			);
			path = "课程";
			sourceTree = "<group>";
		};
		8F82CCF72224D55D004A8D36 /* Configuration */ = {
			isa = PBXGroup;
			children = (
				8F82CCF92224D55D004A8D36 /* LMMStandardApi.h */,
				8F82CCF82224D55D004A8D36 /* LMMStandardApi.m */,
			);
			path = Configuration;
			sourceTree = "<group>";
		};
		8FAD20EE4C4AC6D35C674AC1 /* Pods */ = {
			isa = PBXGroup;
			children = (
				C117FB8A7FD33263E85FA240 /* Pods-LMMCoreFoundation_Example.debug.xcconfig */,
				B75594FF4376817E6A3A2BD3 /* Pods-LMMCoreFoundation_Example.release.xcconfig */,
				EA16180C8E73DCD407A4817F /* Pods-LMMCoreFoundation_Tests.debug.xcconfig */,
				D655A4A66D16AE477E7BD4A0 /* Pods-LMMCoreFoundation_Tests.release.xcconfig */,
			);
			name = Pods;
			sourceTree = "<group>";
		};
		8FEF195722BA119E0062EA04 /* 小车-四 */ = {
			isa = PBXGroup;
			children = (
				8FEF196E22BA119E0062EA04 /* 0_顺序全部.json */,
				8FEF196A22BA119E0062EA04 /* 1_章节-违法行为综合判断与案例分析（41题）.json */,
				8FEF195A22BA119E0062EA04 /* 2_章节-安全行车常识（384题）.json */,
				8FEF196822BA119E0062EA04 /* 3_章节-常见交通标志、标线和交通手势辨识（218题）.json */,
				8FEF196B22BA119E0062EA04 /* 4_章节-驾驶职业道德和文明驾驶常识（199题）.json */,
				8FEF196222BA119E0062EA04 /* 5_章节-恶劣气候和复杂道路条件下驾驶常识（239题）.json */,
				8FEF196022BA119E0062EA04 /* 6_章节-紧急情况下避险常识（108题）.json */,
				8FEF195C22BA119E0062EA04 /* 7_章节-交通事故救护及常见危化品处置常识（43题）.json */,
				8FEF196522BA119E0062EA04 /* 8_专项-标线(60题).json */,
				8FEF195E22BA119E0062EA04 /* 9_专项-道路信号灯(10题).json */,
				8FEF196422BA119E0062EA04 /* 10_专项-高速(65题).json */,
				8FEF196322BA119E0062EA04 /* 11_专项-普通路段(62题).json */,
				8FEF196122BA119E0062EA04 /* 12_专项-特殊路段(129题).json */,
				8FEF195922BA119E0062EA04 /* 13_专项-灯光使用(71题).json */,
				8FEF196C22BA119E0062EA04 /* 14_专项-安全常识(31题).json */,
				8FEF196D22BA119E0062EA04 /* 15_专项-标志(145题).json */,
				8FEF196722BA119E0062EA04 /* 16_专项-道路通行原则(63题).json */,
				8FEF195F22BA119E0062EA04 /* 17_专项-交警手势(17题).json */,
				8FEF195B22BA119E0062EA04 /* 18_专项-基础驾驶技巧(69题).json */,
				8FEF197222BA119E0062EA04 /* 19_专项-速度(9题).json */,
				8FEF197122BA119E0062EA04 /* 20_专项-特殊品运输(9题).json */,
				8FEF197022BA119E0062EA04 /* 21_专项-特殊天气(90题).json */,
				8FEF196922BA119E0062EA04 /* 22_专项-文明驾驶(169题).json */,
				8FEF195D22BA119E0062EA04 /* 23_专项-仪表、指示灯(2题).json */,
				8FEF196F22BA119E0062EA04 /* 24_专项-易混标志(33题).json */,
				8FEF195822BA119E0062EA04 /* 25_专项-意外事故处理(113题).json */,
				8FEF196622BA119E0062EA04 /* 26_专项-责任判定(2题).json */,
			);
			path = "小车-四";
			sourceTree = "<group>";
		};
/* End PBXGroup section */

/* Begin PBXNativeTarget section */
		6003F589195388D20070C39A /* LMMCoreFoundation_Example */ = {
			isa = PBXNativeTarget;
			buildConfigurationList = 6003F5BF195388D20070C39A /* Build configuration list for PBXNativeTarget "LMMCoreFoundation_Example" */;
			buildPhases = (
				ACD2EC35221BCE3A1880FDF1 /* [CP] Check Pods Manifest.lock */,
				6003F586195388D20070C39A /* Sources */,
				6003F587195388D20070C39A /* Frameworks */,
				6003F588195388D20070C39A /* Resources */,
				19EB35554E1A886A9F1F729C /* [CP] Embed Pods Frameworks */,
			);
			buildRules = (
			);
			dependencies = (
			);
			name = LMMCoreFoundation_Example;
			productName = LMMCoreFoundation;
			productReference = 6003F58A195388D20070C39A /* LMMCoreFoundation_Example.app */;
			productType = "com.apple.product-type.application";
		};
		6003F5AD195388D20070C39A /* LMMCoreFoundation_Tests */ = {
			isa = PBXNativeTarget;
			buildConfigurationList = 6003F5C2195388D20070C39A /* Build configuration list for PBXNativeTarget "LMMCoreFoundation_Tests" */;
			buildPhases = (
				810D2AE5494B411436738AB8 /* [CP] Check Pods Manifest.lock */,
				6003F5AA195388D20070C39A /* Sources */,
				6003F5AB195388D20070C39A /* Frameworks */,
				6003F5AC195388D20070C39A /* Resources */,
			);
			buildRules = (
			);
			dependencies = (
				6003F5B4195388D20070C39A /* PBXTargetDependency */,
			);
			name = LMMCoreFoundation_Tests;
			productName = LMMCoreFoundationTests;
			productReference = 6003F5AE195388D20070C39A /* LMMCoreFoundation_Tests.xctest */;
			productType = "com.apple.product-type.bundle.unit-test";
		};
/* End PBXNativeTarget section */

/* Begin PBXProject section */
		6003F582195388D10070C39A /* Project object */ = {
			isa = PBXProject;
			attributes = {
				CLASSPREFIX = LMM;
				LastUpgradeCheck = 0720;
				ORGANIZATIONNAME = "马敬龙";
				TargetAttributes = {
					6003F589195388D20070C39A = {
						DevelopmentTeam = 8T55D4Q83R;
					};
					6003F5AD195388D20070C39A = {
						TestTargetID = 6003F589195388D20070C39A;
					};
				};
			};
			buildConfigurationList = 6003F585195388D10070C39A /* Build configuration list for PBXProject "LMMCoreFoundation" */;
			compatibilityVersion = "Xcode 3.2";
			developmentRegion = English;
			hasScannedForEncodings = 0;
			knownRegions = (
				en,
				Base,
			);
			mainGroup = 6003F581195388D10070C39A;
			productRefGroup = 6003F58B195388D20070C39A /* Products */;
			projectDirPath = "";
			projectRoot = "";
			targets = (
				6003F589195388D20070C39A /* LMMCoreFoundation_Example */,
				6003F5AD195388D20070C39A /* LMMCoreFoundation_Tests */,
			);
		};
/* End PBXProject section */

/* Begin PBXResourcesBuildPhase section */
		6003F588195388D20070C39A /* Resources */ = {
			isa = PBXResourcesBuildPhase;
			buildActionMask = 2147483647;
			files = (
				8FEF197422BA119F0062EA04 /* 13_专项-灯光使用(71题).json in Resources */,
				8FEF197F22BA119F0062EA04 /* 10_专项-高速(65题).json in Resources */,
				8FC6C60722B75FFD00630307 /* 小车-科目一.json in Resources */,
				8FEF198422BA119F0062EA04 /* 22_专项-文明驾驶(169题).json in Resources */,
				8FEF197722BA119F0062EA04 /* 7_章节-交通事故救护及常见危化品处置常识（43题）.json in Resources */,
				8FEF198A22BA119F0062EA04 /* 24_专项-易混标志(33题).json in Resources */,
				8FEF198522BA119F0062EA04 /* 1_章节-违法行为综合判断与案例分析（41题）.json in Resources */,
				8FEF198122BA119F0062EA04 /* 26_专项-责任判定(2题).json in Resources */,
				8FEF197B22BA119F0062EA04 /* 6_章节-紧急情况下避险常识（108题）.json in Resources */,
				8FEF197C22BA119F0062EA04 /* 12_专项-特殊路段(129题).json in Resources */,
				8FEF198922BA119F0062EA04 /* 0_顺序全部.json in Resources */,
				8FC6C60522B74E6700630307 /* json.json in Resources */,
				8FEF197922BA119F0062EA04 /* 9_专项-道路信号灯(10题).json in Resources */,
				8FEF197E22BA119F0062EA04 /* 11_专项-普通路段(62题).json in Resources */,
				8FC6C62A22B7916A00630307 /* newJson.json in Resources */,
				8FEF197622BA119F0062EA04 /* 18_专项-基础驾驶技巧(69题).json in Resources */,
				8FEF197D22BA119F0062EA04 /* 5_章节-恶劣气候和复杂道路条件下驾驶常识（239题）.json in Resources */,
				8FEF198D22BA119F0062EA04 /* 19_专项-速度(9题).json in Resources */,
				8FEF197522BA119F0062EA04 /* 2_章节-安全行车常识（384题）.json in Resources */,
				8FC6C62822B78F5900630307 /* json1.json in Resources */,
				8FEF198022BA119F0062EA04 /* 8_专项-标线(60题).json in Resources */,
				8FEF197A22BA119F0062EA04 /* 17_专项-交警手势(17题).json in Resources */,
				8FEF197822BA119F0062EA04 /* 23_专项-仪表、指示灯(2题).json in Resources */,
				8FEF198722BA119F0062EA04 /* 14_专项-安全常识(31题).json in Resources */,
				8FEF198B22BA119F0062EA04 /* 21_专项-特殊天气(90题).json in Resources */,
				6003F5A9195388D20070C39A /* Images.xcassets in Resources */,
				8FEF198822BA119F0062EA04 /* 15_专项-标志(145题).json in Resources */,
				6003F598195388D20070C39A /* InfoPlist.strings in Resources */,
				8FEF197322BA119F0062EA04 /* 25_专项-意外事故处理(113题).json in Resources */,
				8FEF198222BA119F0062EA04 /* 16_专项-道路通行原则(63题).json in Resources */,
				8FEF198622BA119F0062EA04 /* 4_章节-驾驶职业道德和文明驾驶常识（199题）.json in Resources */,
				8FEF198322BA119F0062EA04 /* 3_章节-常见交通标志、标线和交通手势辨识（218题）.json in Resources */,
				8FEF198C22BA119F0062EA04 /* 20_专项-特殊品运输(9题).json in Resources */,
			);
			runOnlyForDeploymentPostprocessing = 0;
		};
		6003F5AC195388D20070C39A /* Resources */ = {
			isa = PBXResourcesBuildPhase;
			buildActionMask = 2147483647;
			files = (
				6003F5BA195388D20070C39A /* InfoPlist.strings in Resources */,
			);
			runOnlyForDeploymentPostprocessing = 0;
		};
/* End PBXResourcesBuildPhase section */

/* Begin PBXShellScriptBuildPhase section */
		19EB35554E1A886A9F1F729C /* [CP] Embed Pods Frameworks */ = {
			isa = PBXShellScriptBuildPhase;
			buildActionMask = 2147483647;
			files = (
			);
			inputPaths = (
				"${SRCROOT}/Pods/Target Support Files/Pods-LMMCoreFoundation_Example/Pods-LMMCoreFoundation_Example-frameworks.sh",
				"${BUILT_PRODUCTS_DIR}/AFNetworking/AFNetworking.framework",
				"${BUILT_PRODUCTS_DIR}/LMMCoreFoundation/LMMCoreFoundation.framework",
				"${BUILT_PRODUCTS_DIR}/Masonry/Masonry.framework",
				"${BUILT_PRODUCTS_DIR}/QMUIKit/QMUIKit.framework",
				"${BUILT_PRODUCTS_DIR}/WebViewJavascriptBridge/WebViewJavascriptBridge.framework",
				"${BUILT_PRODUCTS_DIR}/YYModel/YYModel.framework",
			);
			name = "[CP] Embed Pods Frameworks";
			outputPaths = (
				"${TARGET_BUILD_DIR}/${FRAMEWORKS_FOLDER_PATH}/AFNetworking.framework",
				"${TARGET_BUILD_DIR}/${FRAMEWORKS_FOLDER_PATH}/LMMCoreFoundation.framework",
				"${TARGET_BUILD_DIR}/${FRAMEWORKS_FOLDER_PATH}/Masonry.framework",
				"${TARGET_BUILD_DIR}/${FRAMEWORKS_FOLDER_PATH}/QMUIKit.framework",
				"${TARGET_BUILD_DIR}/${FRAMEWORKS_FOLDER_PATH}/WebViewJavascriptBridge.framework",
				"${TARGET_BUILD_DIR}/${FRAMEWORKS_FOLDER_PATH}/YYModel.framework",
			);
			runOnlyForDeploymentPostprocessing = 0;
			shellPath = /bin/sh;
			shellScript = "\"${SRCROOT}/Pods/Target Support Files/Pods-LMMCoreFoundation_Example/Pods-LMMCoreFoundation_Example-frameworks.sh\"\n";
			showEnvVarsInLog = 0;
		};
		810D2AE5494B411436738AB8 /* [CP] Check Pods Manifest.lock */ = {
			isa = PBXShellScriptBuildPhase;
			buildActionMask = 2147483647;
			files = (
			);
			inputPaths = (
				"${PODS_PODFILE_DIR_PATH}/Podfile.lock",
				"${PODS_ROOT}/Manifest.lock",
			);
			name = "[CP] Check Pods Manifest.lock";
			outputPaths = (
				"$(DERIVED_FILE_DIR)/Pods-LMMCoreFoundation_Tests-checkManifestLockResult.txt",
			);
			runOnlyForDeploymentPostprocessing = 0;
			shellPath = /bin/sh;
			shellScript = "diff \"${PODS_PODFILE_DIR_PATH}/Podfile.lock\" \"${PODS_ROOT}/Manifest.lock\" > /dev/null\nif [ $? != 0 ] ; then\n    # print error to STDERR\n    echo \"error: The sandbox is not in sync with the Podfile.lock. Run 'pod install' or update your CocoaPods installation.\" >&2\n    exit 1\nfi\n# This output is used by Xcode 'outputs' to avoid re-running this script phase.\necho \"SUCCESS\" > \"${SCRIPT_OUTPUT_FILE_0}\"\n";
			showEnvVarsInLog = 0;
		};
		ACD2EC35221BCE3A1880FDF1 /* [CP] Check Pods Manifest.lock */ = {
			isa = PBXShellScriptBuildPhase;
			buildActionMask = 2147483647;
			files = (
			);
			inputPaths = (
				"${PODS_PODFILE_DIR_PATH}/Podfile.lock",
				"${PODS_ROOT}/Manifest.lock",
			);
			name = "[CP] Check Pods Manifest.lock";
			outputPaths = (
				"$(DERIVED_FILE_DIR)/Pods-LMMCoreFoundation_Example-checkManifestLockResult.txt",
			);
			runOnlyForDeploymentPostprocessing = 0;
			shellPath = /bin/sh;
			shellScript = "diff \"${PODS_PODFILE_DIR_PATH}/Podfile.lock\" \"${PODS_ROOT}/Manifest.lock\" > /dev/null\nif [ $? != 0 ] ; then\n    # print error to STDERR\n    echo \"error: The sandbox is not in sync with the Podfile.lock. Run 'pod install' or update your CocoaPods installation.\" >&2\n    exit 1\nfi\n# This output is used by Xcode 'outputs' to avoid re-running this script phase.\necho \"SUCCESS\" > \"${SCRIPT_OUTPUT_FILE_0}\"\n";
			showEnvVarsInLog = 0;
		};
/* End PBXShellScriptBuildPhase section */

/* Begin PBXSourcesBuildPhase section */
		6003F586195388D20070C39A /* Sources */ = {
			isa = PBXSourcesBuildPhase;
			buildActionMask = 2147483647;
			files = (
				6003F59E195388D20070C39A /* LMMAppDelegate.m in Sources */,
				8F82CCF42224D54E004A8D36 /* LMMViewController.m in Sources */,
				8F82CCF32224D54E004A8D36 /* LMMCourseApi.m in Sources */,
				8FEF199022BB31020062EA04 /* CYPBaseWebView.m in Sources */,
				8F82CCFA2224D55D004A8D36 /* LMMStandardApi.m in Sources */,
				6003F59A195388D20070C39A /* main.m in Sources */,
				8F82CCF62224D54E004A8D36 /* LMMCourseModel.m in Sources */,
				8F82CCF52224D54E004A8D36 /* LMMCourseCell.m in Sources */,
			);
			runOnlyForDeploymentPostprocessing = 0;
		};
		6003F5AA195388D20070C39A /* Sources */ = {
			isa = PBXSourcesBuildPhase;
			buildActionMask = 2147483647;
			files = (
				6003F5BC195388D20070C39A /* Tests.m in Sources */,
			);
			runOnlyForDeploymentPostprocessing = 0;
		};
/* End PBXSourcesBuildPhase section */

/* Begin PBXTargetDependency section */
		6003F5B4195388D20070C39A /* PBXTargetDependency */ = {
			isa = PBXTargetDependency;
			target = 6003F589195388D20070C39A /* LMMCoreFoundation_Example */;
			targetProxy = 6003F5B3195388D20070C39A /* PBXContainerItemProxy */;
		};
/* End PBXTargetDependency section */

/* Begin PBXVariantGroup section */
		6003F596195388D20070C39A /* InfoPlist.strings */ = {
			isa = PBXVariantGroup;
			children = (
				6003F597195388D20070C39A /* en */,
			);
			name = InfoPlist.strings;
			sourceTree = "<group>";
		};
		6003F5B8195388D20070C39A /* InfoPlist.strings */ = {
			isa = PBXVariantGroup;
			children = (
				6003F5B9195388D20070C39A /* en */,
			);
			name = InfoPlist.strings;
			sourceTree = "<group>";
		};
/* End PBXVariantGroup section */

/* Begin XCBuildConfiguration section */
		6003F5BD195388D20070C39A /* Debug */ = {
			isa = XCBuildConfiguration;
			buildSettings = {
				ALWAYS_SEARCH_USER_PATHS = NO;
				CLANG_CXX_LANGUAGE_STANDARD = "gnu++0x";
				CLANG_CXX_LIBRARY = "libc++";
				CLANG_ENABLE_MODULES = YES;
				CLANG_ENABLE_OBJC_ARC = YES;
				CLANG_WARN_BOOL_CONVERSION = YES;
				CLANG_WARN_CONSTANT_CONVERSION = YES;
				CLANG_WARN_DIRECT_OBJC_ISA_USAGE = YES_ERROR;
				CLANG_WARN_EMPTY_BODY = YES;
				CLANG_WARN_ENUM_CONVERSION = YES;
				CLANG_WARN_INT_CONVERSION = YES;
				CLANG_WARN_OBJC_ROOT_CLASS = YES_ERROR;
				CLANG_WARN__DUPLICATE_METHOD_MATCH = YES;
				"CODE_SIGN_IDENTITY[sdk=iphoneos*]" = "iPhone Developer";
				COPY_PHASE_STRIP = NO;
				ENABLE_TESTABILITY = YES;
				GCC_C_LANGUAGE_STANDARD = gnu99;
				GCC_DYNAMIC_NO_PIC = NO;
				GCC_OPTIMIZATION_LEVEL = 0;
				GCC_PREPROCESSOR_DEFINITIONS = (
					"DEBUG=1",
					"$(inherited)",
				);
				GCC_SYMBOLS_PRIVATE_EXTERN = NO;
				GCC_WARN_64_TO_32_BIT_CONVERSION = YES;
				GCC_WARN_ABOUT_RETURN_TYPE = YES_ERROR;
				GCC_WARN_UNDECLARED_SELECTOR = YES;
				GCC_WARN_UNINITIALIZED_AUTOS = YES_AGGRESSIVE;
				GCC_WARN_UNUSED_FUNCTION = YES;
				GCC_WARN_UNUSED_VARIABLE = YES;
				IPHONEOS_DEPLOYMENT_TARGET = 10.0;
				ONLY_ACTIVE_ARCH = YES;
				SDKROOT = iphoneos;
				TARGETED_DEVICE_FAMILY = "1,2";
			};
			name = Debug;
		};
		6003F5BE195388D20070C39A /* Release */ = {
			isa = XCBuildConfiguration;
			buildSettings = {
				ALWAYS_SEARCH_USER_PATHS = NO;
				CLANG_CXX_LANGUAGE_STANDARD = "gnu++0x";
				CLANG_CXX_LIBRARY = "libc++";
				CLANG_ENABLE_MODULES = YES;
				CLANG_ENABLE_OBJC_ARC = YES;
				CLANG_WARN_BOOL_CONVERSION = YES;
				CLANG_WARN_CONSTANT_CONVERSION = YES;
				CLANG_WARN_DIRECT_OBJC_ISA_USAGE = YES_ERROR;
				CLANG_WARN_EMPTY_BODY = YES;
				CLANG_WARN_ENUM_CONVERSION = YES;
				CLANG_WARN_INT_CONVERSION = YES;
				CLANG_WARN_OBJC_ROOT_CLASS = YES_ERROR;
				CLANG_WARN__DUPLICATE_METHOD_MATCH = YES;
				"CODE_SIGN_IDENTITY[sdk=iphoneos*]" = "iPhone Developer";
				COPY_PHASE_STRIP = YES;
				ENABLE_NS_ASSERTIONS = NO;
				GCC_C_LANGUAGE_STANDARD = gnu99;
				GCC_WARN_64_TO_32_BIT_CONVERSION = YES;
				GCC_WARN_ABOUT_RETURN_TYPE = YES_ERROR;
				GCC_WARN_UNDECLARED_SELECTOR = YES;
				GCC_WARN_UNINITIALIZED_AUTOS = YES_AGGRESSIVE;
				GCC_WARN_UNUSED_FUNCTION = YES;
				GCC_WARN_UNUSED_VARIABLE = YES;
				IPHONEOS_DEPLOYMENT_TARGET = 10.0;
				SDKROOT = iphoneos;
				TARGETED_DEVICE_FAMILY = "1,2";
				VALIDATE_PRODUCT = YES;
			};
			name = Release;
		};
		6003F5C0195388D20070C39A /* Debug */ = {
			isa = XCBuildConfiguration;
			baseConfigurationReference = C117FB8A7FD33263E85FA240 /* Pods-LMMCoreFoundation_Example.debug.xcconfig */;
			buildSettings = {
				ASSETCATALOG_COMPILER_APPICON_NAME = AppIcon;
				DEVELOPMENT_TEAM = 8T55D4Q83R;
				GCC_PRECOMPILE_PREFIX_HEADER = YES;
				GCC_PREFIX_HEADER = "LMMCoreFoundation/LMMCoreFoundation-Prefix.pch";
				INFOPLIST_FILE = "LMMCoreFoundation/LMMCoreFoundation-Info.plist";
				MODULE_NAME = ExampleApp;
				PRODUCT_BUNDLE_IDENTIFIER = org.cocoapods.demo;
				PRODUCT_NAME = "$(TARGET_NAME)";
				TARGETED_DEVICE_FAMILY = 1;
				WRAPPER_EXTENSION = app;
			};
			name = Debug;
		};
		6003F5C1195388D20070C39A /* Release */ = {
			isa = XCBuildConfiguration;
			baseConfigurationReference = B75594FF4376817E6A3A2BD3 /* Pods-LMMCoreFoundation_Example.release.xcconfig */;
			buildSettings = {
				ASSETCATALOG_COMPILER_APPICON_NAME = AppIcon;
				DEVELOPMENT_TEAM = 8T55D4Q83R;
				GCC_PRECOMPILE_PREFIX_HEADER = YES;
				GCC_PREFIX_HEADER = "LMMCoreFoundation/LMMCoreFoundation-Prefix.pch";
				INFOPLIST_FILE = "LMMCoreFoundation/LMMCoreFoundation-Info.plist";
				MODULE_NAME = ExampleApp;
				PRODUCT_BUNDLE_IDENTIFIER = org.cocoapods.demo;
				PRODUCT_NAME = "$(TARGET_NAME)";
				TARGETED_DEVICE_FAMILY = 1;
				WRAPPER_EXTENSION = app;
			};
			name = Release;
		};
		6003F5C3195388D20070C39A /* Debug */ = {
			isa = XCBuildConfiguration;
			baseConfigurationReference = EA16180C8E73DCD407A4817F /* Pods-LMMCoreFoundation_Tests.debug.xcconfig */;
			buildSettings = {
				BUNDLE_LOADER = "$(TEST_HOST)";
				FRAMEWORK_SEARCH_PATHS = (
					"$(SDKROOT)/Developer/Library/Frameworks",
					"$(inherited)",
					"$(DEVELOPER_FRAMEWORKS_DIR)",
				);
				GCC_PRECOMPILE_PREFIX_HEADER = YES;
				GCC_PREFIX_HEADER = "Tests/Tests-Prefix.pch";
				GCC_PREPROCESSOR_DEFINITIONS = (
					"DEBUG=1",
					"$(inherited)",
				);
				INFOPLIST_FILE = "Tests/Tests-Info.plist";
				PRODUCT_BUNDLE_IDENTIFIER = "org.cocoapods.demo.${PRODUCT_NAME:rfc1034identifier}";
				PRODUCT_NAME = "$(TARGET_NAME)";
				TEST_HOST = "$(BUILT_PRODUCTS_DIR)/LMMCoreFoundation_Example.app/LMMCoreFoundation_Example";
				WRAPPER_EXTENSION = xctest;
			};
			name = Debug;
		};
		6003F5C4195388D20070C39A /* Release */ = {
			isa = XCBuildConfiguration;
			baseConfigurationReference = D655A4A66D16AE477E7BD4A0 /* Pods-LMMCoreFoundation_Tests.release.xcconfig */;
			buildSettings = {
				BUNDLE_LOADER = "$(TEST_HOST)";
				FRAMEWORK_SEARCH_PATHS = (
					"$(SDKROOT)/Developer/Library/Frameworks",
					"$(inherited)",
					"$(DEVELOPER_FRAMEWORKS_DIR)",
				);
				GCC_PRECOMPILE_PREFIX_HEADER = YES;
				GCC_PREFIX_HEADER = "Tests/Tests-Prefix.pch";
				INFOPLIST_FILE = "Tests/Tests-Info.plist";
				PRODUCT_BUNDLE_IDENTIFIER = "org.cocoapods.demo.${PRODUCT_NAME:rfc1034identifier}";
				PRODUCT_NAME = "$(TARGET_NAME)";
				TEST_HOST = "$(BUILT_PRODUCTS_DIR)/LMMCoreFoundation_Example.app/LMMCoreFoundation_Example";
				WRAPPER_EXTENSION = xctest;
			};
			name = Release;
		};
/* End XCBuildConfiguration section */

/* Begin XCConfigurationList section */
		6003F585195388D10070C39A /* Build configuration list for PBXProject "LMMCoreFoundation" */ = {
			isa = XCConfigurationList;
			buildConfigurations = (
				6003F5BD195388D20070C39A /* Debug */,
				6003F5BE195388D20070C39A /* Release */,
			);
			defaultConfigurationIsVisible = 0;
			defaultConfigurationName = Release;
		};
		6003F5BF195388D20070C39A /* Build configuration list for PBXNativeTarget "LMMCoreFoundation_Example" */ = {
			isa = XCConfigurationList;
			buildConfigurations = (
				6003F5C0195388D20070C39A /* Debug */,
				6003F5C1195388D20070C39A /* Release */,
			);
			defaultConfigurationIsVisible = 0;
			defaultConfigurationName = Release;
		};
		6003F5C2195388D20070C39A /* Build configuration list for PBXNativeTarget "LMMCoreFoundation_Tests" */ = {
			isa = XCConfigurationList;
			buildConfigurations = (
				6003F5C3195388D20070C39A /* Debug */,
				6003F5C4195388D20070C39A /* Release */,
			);
			defaultConfigurationIsVisible = 0;
			defaultConfigurationName = Release;
		};
/* End XCConfigurationList section */
	};
	rootObject = 6003F582195388D10070C39A /* Project object */;
}
